{
  "object": {
    "pins": [
      {
        "package": "NeedleFoundation",
        "repositoryURL": "https://github.com/uber/needle.git",
        "state": {
          "branch": null,
          "revision": "6a2d5e25cd3c77ddfa57835e991469db791c4744",
          "version": "0.17.2"
        }
      }
    ]
  },
  "version": 1
}
